
Microsoft Visual Studio Solution File, Format Version 12.00
# Visual Studio Version 17
VisualStudioVersion = 17.4.33205.214
MinimumVisualStudioVersion = 10.0.40219.1
Project("{FAE04EC0-301F-11D3-BF4B-00C04F79EFBC}") = "Acadamy tasks", "Acadamy tasks\Acadamy tasks.csproj", "{52FB0582-0355-49D3-8B46-E11A4B4E65A5}"
EndProject
Global
	GlobalSection(SolutionConfigurationPlatforms) = preSolution
		Debug|Any CPU = Debug|Any CPU
		Release|Any CPU = Release|Any CPU
	EndGlobalSection
	GlobalSection(ProjectConfigurationPlatforms) = postSolution
		{52FB0582-0355-49D3-8B46-E11A4B4E65A5}.Debug|Any CPU.ActiveCfg = Debug|Any CPU
		{52FB0582-0355-49D3-8B46-E11A4B4E65A5}.Debug|Any CPU.Build.0 = Debug|Any CPU
		{52FB0582-0355-49D3-8B46-E11A4B4E65A5}.Release|Any CPU.ActiveCfg = Release|Any CPU
		{52FB0582-0355-49D3-8B46-E11A4B4E65A5}.Release|Any CPU.Build.0 = Release|Any CPU
	EndGlobalSection
	GlobalSection(SolutionProperties) = preSolution
		HideSolutionNode = FALSE
	EndGlobalSection
	GlobalSection(ExtensibilityGlobals) = postSolution
		SolutionGuid = {0EDDCFC6-E554-4FE6-9074-C0E63AC79914}
	EndGlobalSection
EndGlobal
